
Microsoft Visual Studio Solution File, Format Version 12.00
# Visual Studio Version 16
VisualStudioVersion = 16.0.31112.23
MinimumVisualStudioVersion = 10.0.40219.1
Project("{FAE04EC0-301F-11D3-BF4B-00C04F79EFBC}") = "Ejemplo1", "Ejemplo1\Ejemplo1.csproj", "{415FD47F-A985-4443-B6B6-7BA65E5539D4}"
EndProject
Global
	GlobalSection(SolutionConfigurationPlatforms) = preSolution
		Debug|Any CPU = Debug|Any CPU
		Release|Any CPU = Release|Any CPU
	EndGlobalSection
	GlobalSection(ProjectConfigurationPlatforms) = postSolution
		{415FD47F-A985-4443-B6B6-7BA65E5539D4}.Debug|Any CPU.ActiveCfg = Debug|Any CPU
		{415FD47F-A985-4443-B6B6-7BA65E5539D4}.Debug|Any CPU.Build.0 = Debug|Any CPU
		{415FD47F-A985-4443-B6B6-7BA65E5539D4}.Release|Any CPU.ActiveCfg = Release|Any CPU
		{415FD47F-A985-4443-B6B6-7BA65E5539D4}.Release|Any CPU.Build.0 = Release|Any CPU
	EndGlobalSection
	GlobalSection(SolutionProperties) = preSolution
		HideSolutionNode = FALSE
	EndGlobalSection
	GlobalSection(ExtensibilityGlobals) = postSolution
		SolutionGuid = {050BFB90-FBA8-4738-8839-92215CE6A654}
	EndGlobalSection
EndGlobal
