
Microsoft Visual Studio Solution File, Format Version 12.00
# Visual Studio Version 16
VisualStudioVersion = 16.0.31112.23
MinimumVisualStudioVersion = 10.0.40219.1
Project("{FAE04EC0-301F-11D3-BF4B-00C04F79EFBC}") = "Ejemplo1", "Ejemplo1\Ejemplo1.csproj", "{AB97682D-290C-4CD2-95E6-412ED1997F04}"
EndProject
Global
	GlobalSection(SolutionConfigurationPlatforms) = preSolution
		Debug|Any CPU = Debug|Any CPU
		Release|Any CPU = Release|Any CPU
	EndGlobalSection
	GlobalSection(ProjectConfigurationPlatforms) = postSolution
		{AB97682D-290C-4CD2-95E6-412ED1997F04}.Debug|Any CPU.ActiveCfg = Debug|Any CPU
		{AB97682D-290C-4CD2-95E6-412ED1997F04}.Debug|Any CPU.Build.0 = Debug|Any CPU
		{AB97682D-290C-4CD2-95E6-412ED1997F04}.Release|Any CPU.ActiveCfg = Release|Any CPU
		{AB97682D-290C-4CD2-95E6-412ED1997F04}.Release|Any CPU.Build.0 = Release|Any CPU
	EndGlobalSection
	GlobalSection(SolutionProperties) = preSolution
		HideSolutionNode = FALSE
	EndGlobalSection
	GlobalSection(ExtensibilityGlobals) = postSolution
		SolutionGuid = {F99A2CB5-43C4-4630-9609-B6C003AF0813}
	EndGlobalSection
EndGlobal
